// !$*UTF8*$!
{
	archiveVersion = 1;
	classes = {
	};
	objectVersion = 51;
	objects = {

/* Begin PBXBuildFile section */
		2A54057B97EFE7D481C64558 /* Pods_EnviOSearch_EnviOSearchUITests.framework in Frameworks */ = {isa = PBXBuildFile; fileRef = 7B043649FBE58C8FF71D105A /* Pods_EnviOSearch_EnviOSearchUITests.framework */; };
		8FF97A3424BF5BC900D43786 /* AppDelegate.swift in Sources */ = {isa = PBXBuildFile; fileRef = 8FF97A3324BF5BC900D43786 /* AppDelegate.swift */; };
		8FF97A3624BF5BC900D43786 /* SceneDelegate.swift in Sources */ = {isa = PBXBuildFile; fileRef = 8FF97A3524BF5BC900D43786 /* SceneDelegate.swift */; };
		8FF97A3824BF5BC900D43786 /* ViewController.swift in Sources */ = {isa = PBXBuildFile; fileRef = 8FF97A3724BF5BC900D43786 /* ViewController.swift */; };
		8FF97A3B24BF5BC900D43786 /* Main.storyboard in Resources */ = {isa = PBXBuildFile; fileRef = 8FF97A3924BF5BC900D43786 /* Main.storyboard */; };
		8FF97A3D24BF5BCA00D43786 /* Assets.xcassets in Resources */ = {isa = PBXBuildFile; fileRef = 8FF97A3C24BF5BCA00D43786 /* Assets.xcassets */; };
		8FF97A4024BF5BCA00D43786 /* LaunchScreen.storyboard in Resources */ = {isa = PBXBuildFile; fileRef = 8FF97A3E24BF5BCA00D43786 /* LaunchScreen.storyboard */; };
		8FF97A4B24BF5BCA00D43786 /* EnviOSearchTests.swift in Sources */ = {isa = PBXBuildFile; fileRef = 8FF97A4A24BF5BCA00D43786 /* EnviOSearchTests.swift */; };
		8FF97A5624BF5BCA00D43786 /* EnviOSearchUITests.swift in Sources */ = {isa = PBXBuildFile; fileRef = 8FF97A5524BF5BCA00D43786 /* EnviOSearchUITests.swift */; };
		8FF97A6424C0A34200D43786 /* MoreInfoViewController.swift in Sources */ = {isa = PBXBuildFile; fileRef = 8FF97A6324C0A34200D43786 /* MoreInfoViewController.swift */; };
		8FF97A6624C0FAE400D43786 /* MapViewController.swift in Sources */ = {isa = PBXBuildFile; fileRef = 8FF97A6524C0FAE400D43786 /* MapViewController.swift */; };
		8FF97A6824CF627100D43786 /* JSONResult.swift in Sources */ = {isa = PBXBuildFile; fileRef = 8FF97A6724CF627100D43786 /* JSONResult.swift */; };
		8FF97A6A24D3110700D43786 /* FacViewController.swift in Sources */ = {isa = PBXBuildFile; fileRef = 8FF97A6924D3110700D43786 /* FacViewController.swift */; };
		8FF97A6E24ED715600D43786 /* CAA.mp3 in Resources */ = {isa = PBXBuildFile; fileRef = 8FF97A6D24ED715500D43786 /* CAA.mp3 */; };
		8FF97A7024ED716800D43786 /* CWA.mp3 in Resources */ = {isa = PBXBuildFile; fileRef = 8FF97A6F24ED716700D43786 /* CWA.mp3 */; };
		8FF97A7224ED718400D43786 /* Intro.mp3 in Resources */ = {isa = PBXBuildFile; fileRef = 8FF97A7124ED718400D43786 /* Intro.mp3 */; };
		8FF97A7424ED718E00D43786 /* RCRA.mp3 in Resources */ = {isa = PBXBuildFile; fileRef = 8FF97A7324ED718E00D43786 /* RCRA.mp3 */; };
		8FF97A7624ED71A400D43786 /* SDWA.mp3 in Resources */ = {isa = PBXBuildFile; fileRef = 8FF97A7524ED71A400D43786 /* SDWA.mp3 */; };
		9CA8C189F1F167B335ED8F5F /* Pods_EnviOSearch.framework in Frameworks */ = {isa = PBXBuildFile; fileRef = 1CD6CC2EC450EA1A09892E07 /* Pods_EnviOSearch.framework */; };
		C6BA28B1F039279C1E49CB5B /* Pods_EnviOSearchTests.framework in Frameworks */ = {isa = PBXBuildFile; fileRef = 9D9911AA8BFDF925AA3E50BE /* Pods_EnviOSearchTests.framework */; };
/* End PBXBuildFile section */

/* Begin PBXContainerItemProxy section */
		8FF97A4724BF5BCA00D43786 /* PBXContainerItemProxy */ = {
			isa = PBXContainerItemProxy;
			containerPortal = 8FF97A2824BF5BC800D43786 /* Project object */;
			proxyType = 1;
			remoteGlobalIDString = 8FF97A2F24BF5BC900D43786;
			remoteInfo = EnviOSearch;
		};
		8FF97A5224BF5BCA00D43786 /* PBXContainerItemProxy */ = {
			isa = PBXContainerItemProxy;
			containerPortal = 8FF97A2824BF5BC800D43786 /* Project object */;
			proxyType = 1;
			remoteGlobalIDString = 8FF97A2F24BF5BC900D43786;
			remoteInfo = EnviOSearch;
		};
/* End PBXContainerItemProxy section */

/* Begin PBXFileReference section */
		1CD6CC2EC450EA1A09892E07 /* Pods_EnviOSearch.framework */ = {isa = PBXFileReference; explicitFileType = wrapper.framework; includeInIndex = 0; path = Pods_EnviOSearch.framework; sourceTree = BUILT_PRODUCTS_DIR; };
		24442F1CD451FB5E81676F00 /* Pods-EnviOSearch-EnviOSearchUITests.debug.xcconfig */ = {isa = PBXFileReference; includeInIndex = 1; lastKnownFileType = text.xcconfig; name = "Pods-EnviOSearch-EnviOSearchUITests.debug.xcconfig"; path = "Target Support Files/Pods-EnviOSearch-EnviOSearchUITests/Pods-EnviOSearch-EnviOSearchUITests.debug.xcconfig"; sourceTree = "<group>"; };
		566DD89C9214828520F179BA /* Pods-EnviOSearch.debug.xcconfig */ = {isa = PBXFileReference; includeInIndex = 1; lastKnownFileType = text.xcconfig; name = "Pods-EnviOSearch.debug.xcconfig"; path = "Target Support Files/Pods-EnviOSearch/Pods-EnviOSearch.debug.xcconfig"; sourceTree = "<group>"; };
		57F59F7D9E131960259A7311 /* Pods-EnviOSearch.release.xcconfig */ = {isa = PBXFileReference; includeInIndex = 1; lastKnownFileType = text.xcconfig; name = "Pods-EnviOSearch.release.xcconfig"; path = "Target Support Files/Pods-EnviOSearch/Pods-EnviOSearch.release.xcconfig"; sourceTree = "<group>"; };
		7B043649FBE58C8FF71D105A /* Pods_EnviOSearch_EnviOSearchUITests.framework */ = {isa = PBXFileReference; explicitFileType = wrapper.framework; includeInIndex = 0; path = Pods_EnviOSearch_EnviOSearchUITests.framework; sourceTree = BUILT_PRODUCTS_DIR; };
		8FF97A3024BF5BC900D43786 /* EnviroSearch.app */ = {isa = PBXFileReference; explicitFileType = wrapper.application; includeInIndex = 0; path = EnviroSearch.app; sourceTree = BUILT_PRODUCTS_DIR; };
		8FF97A3324BF5BC900D43786 /* AppDelegate.swift */ = {isa = PBXFileReference; lastKnownFileType = sourcecode.swift; path = AppDelegate.swift; sourceTree = "<group>"; };
		8FF97A3524BF5BC900D43786 /* SceneDelegate.swift */ = {isa = PBXFileReference; lastKnownFileType = sourcecode.swift; path = SceneDelegate.swift; sourceTree = "<group>"; };
		8FF97A3724BF5BC900D43786 /* ViewController.swift */ = {isa = PBXFileReference; lastKnownFileType = sourcecode.swift; path = ViewController.swift; sourceTree = "<group>"; };
		8FF97A3A24BF5BC900D43786 /* Base */ = {isa = PBXFileReference; lastKnownFileType = file.storyboard; name = Base; path = Base.lproj/Main.storyboard; sourceTree = "<group>"; };
		8FF97A3C24BF5BCA00D43786 /* Assets.xcassets */ = {isa = PBXFileReference; lastKnownFileType = folder.assetcatalog; path = Assets.xcassets; sourceTree = "<group>"; };
		8FF97A3F24BF5BCA00D43786 /* Base */ = {isa = PBXFileReference; lastKnownFileType = file.storyboard; name = Base; path = Base.lproj/LaunchScreen.storyboard; sourceTree = "<group>"; };
		8FF97A4124BF5BCA00D43786 /* Info.plist */ = {isa = PBXFileReference; lastKnownFileType = text.plist.xml; path = Info.plist; sourceTree = "<group>"; };
		8FF97A4624BF5BCA00D43786 /* EnviOSearchTests.xctest */ = {isa = PBXFileReference; explicitFileType = wrapper.cfbundle; includeInIndex = 0; path = EnviOSearchTests.xctest; sourceTree = BUILT_PRODUCTS_DIR; };
		8FF97A4A24BF5BCA00D43786 /* EnviOSearchTests.swift */ = {isa = PBXFileReference; lastKnownFileType = sourcecode.swift; path = EnviOSearchTests.swift; sourceTree = "<group>"; };
		8FF97A4C24BF5BCA00D43786 /* Info.plist */ = {isa = PBXFileReference; lastKnownFileType = text.plist.xml; path = Info.plist; sourceTree = "<group>"; };
		8FF97A5124BF5BCA00D43786 /* EnviOSearchUITests.xctest */ = {isa = PBXFileReference; explicitFileType = wrapper.cfbundle; includeInIndex = 0; path = EnviOSearchUITests.xctest; sourceTree = BUILT_PRODUCTS_DIR; };
		8FF97A5524BF5BCA00D43786 /* EnviOSearchUITests.swift */ = {isa = PBXFileReference; lastKnownFileType = sourcecode.swift; path = EnviOSearchUITests.swift; sourceTree = "<group>"; };
		8FF97A5724BF5BCA00D43786 /* Info.plist */ = {isa = PBXFileReference; lastKnownFileType = text.plist.xml; path = Info.plist; sourceTree = "<group>"; };
		8FF97A6324C0A34200D43786 /* MoreInfoViewController.swift */ = {isa = PBXFileReference; lastKnownFileType = sourcecode.swift; path = MoreInfoViewController.swift; sourceTree = "<group>"; };
		8FF97A6524C0FAE400D43786 /* MapViewController.swift */ = {isa = PBXFileReference; lastKnownFileType = sourcecode.swift; path = MapViewController.swift; sourceTree = "<group>"; };
		8FF97A6724CF627100D43786 /* JSONResult.swift */ = {isa = PBXFileReference; lastKnownFileType = sourcecode.swift; path = JSONResult.swift; sourceTree = "<group>"; };
		8FF97A6924D3110700D43786 /* FacViewController.swift */ = {isa = PBXFileReference; lastKnownFileType = sourcecode.swift; path = FacViewController.swift; sourceTree = "<group>"; };
		8FF97A6D24ED715500D43786 /* CAA.mp3 */ = {isa = PBXFileReference; lastKnownFileType = audio.mp3; path = CAA.mp3; sourceTree = "<group>"; };
		8FF97A6F24ED716700D43786 /* CWA.mp3 */ = {isa = PBXFileReference; lastKnownFileType = audio.mp3; path = CWA.mp3; sourceTree = "<group>"; };
		8FF97A7124ED718400D43786 /* Intro.mp3 */ = {isa = PBXFileReference; lastKnownFileType = audio.mp3; path = Intro.mp3; sourceTree = "<group>"; };
		8FF97A7324ED718E00D43786 /* RCRA.mp3 */ = {isa = PBXFileReference; lastKnownFileType = audio.mp3; path = RCRA.mp3; sourceTree = "<group>"; };
		8FF97A7524ED71A400D43786 /* SDWA.mp3 */ = {isa = PBXFileReference; lastKnownFileType = audio.mp3; path = SDWA.mp3; sourceTree = "<group>"; };
		9D9911AA8BFDF925AA3E50BE /* Pods_EnviOSearchTests.framework */ = {isa = PBXFileReference; explicitFileType = wrapper.framework; includeInIndex = 0; path = Pods_EnviOSearchTests.framework; sourceTree = BUILT_PRODUCTS_DIR; };
		BE3BA356543416FA1A74D0B2 /* Pods-EnviOSearchTests.debug.xcconfig */ = {isa = PBXFileReference; includeInIndex = 1; lastKnownFileType = text.xcconfig; name = "Pods-EnviOSearchTests.debug.xcconfig"; path = "Target Support Files/Pods-EnviOSearchTests/Pods-EnviOSearchTests.debug.xcconfig"; sourceTree = "<group>"; };
		DFA3B320EB22060338D1ADAA /* Pods-EnviOSearch-EnviOSearchUITests.release.xcconfig */ = {isa = PBXFileReference; includeInIndex = 1; lastKnownFileType = text.xcconfig; name = "Pods-EnviOSearch-EnviOSearchUITests.release.xcconfig"; path = "Target Support Files/Pods-EnviOSearch-EnviOSearchUITests/Pods-EnviOSearch-EnviOSearchUITests.release.xcconfig"; sourceTree = "<group>"; };
		E6FA99563ED1B04B9B5D6A92 /* Pods-EnviOSearchTests.release.xcconfig */ = {isa = PBXFileReference; includeInIndex = 1; lastKnownFileType = text.xcconfig; name = "Pods-EnviOSearchTests.release.xcconfig"; path = "Target Support Files/Pods-EnviOSearchTests/Pods-EnviOSearchTests.release.xcconfig"; sourceTree = "<group>"; };
/* End PBXFileReference section */

/* Begin PBXFrameworksBuildPhase section */
		8FF97A2D24BF5BC900D43786 /* Frameworks */ = {
			isa = PBXFrameworksBuildPhase;
			buildActionMask = 2147483647;
			files = (
				9CA8C189F1F167B335ED8F5F /* Pods_EnviOSearch.framework in Frameworks */,
			);
			runOnlyForDeploymentPostprocessing = 0;
		};
		8FF97A4324BF5BCA00D43786 /* Frameworks */ = {
			isa = PBXFrameworksBuildPhase;
			buildActionMask = 2147483647;
			files = (
				C6BA28B1F039279C1E49CB5B /* Pods_EnviOSearchTests.framework in Frameworks */,
			);
			runOnlyForDeploymentPostprocessing = 0;
		};
		8FF97A4E24BF5BCA00D43786 /* Frameworks */ = {
			isa = PBXFrameworksBuildPhase;
			buildActionMask = 2147483647;
			files = (
				2A54057B97EFE7D481C64558 /* Pods_EnviOSearch_EnviOSearchUITests.framework in Frameworks */,
			);
			runOnlyForDeploymentPostprocessing = 0;
		};
/* End PBXFrameworksBuildPhase section */

/* Begin PBXGroup section */
		3AC2B5C4FEDFC2749EB9B04B /* Pods */ = {
			isa = PBXGroup;
			children = (
				566DD89C9214828520F179BA /* Pods-EnviOSearch.debug.xcconfig */,
				57F59F7D9E131960259A7311 /* Pods-EnviOSearch.release.xcconfig */,
				24442F1CD451FB5E81676F00 /* Pods-EnviOSearch-EnviOSearchUITests.debug.xcconfig */,
				DFA3B320EB22060338D1ADAA /* Pods-EnviOSearch-EnviOSearchUITests.release.xcconfig */,
				BE3BA356543416FA1A74D0B2 /* Pods-EnviOSearchTests.debug.xcconfig */,
				E6FA99563ED1B04B9B5D6A92 /* Pods-EnviOSearchTests.release.xcconfig */,
			);
			path = Pods;
			sourceTree = "<group>";
		};
		4D8A4794838A1A35F8AB0726 /* Frameworks */ = {
			isa = PBXGroup;
			children = (
				1CD6CC2EC450EA1A09892E07 /* Pods_EnviOSearch.framework */,
				7B043649FBE58C8FF71D105A /* Pods_EnviOSearch_EnviOSearchUITests.framework */,
				9D9911AA8BFDF925AA3E50BE /* Pods_EnviOSearchTests.framework */,
			);
			name = Frameworks;
			sourceTree = "<group>";
		};
		8FF97A2724BF5BC800D43786 = {
			isa = PBXGroup;
			children = (
				8FF97A3224BF5BC900D43786 /* EnviOSearch */,
				8FF97A4924BF5BCA00D43786 /* EnviOSearchTests */,
				8FF97A5424BF5BCA00D43786 /* EnviOSearchUITests */,
				8FF97A3124BF5BC900D43786 /* Products */,
				3AC2B5C4FEDFC2749EB9B04B /* Pods */,
				4D8A4794838A1A35F8AB0726 /* Frameworks */,
			);
			sourceTree = "<group>";
		};
		8FF97A3124BF5BC900D43786 /* Products */ = {
			isa = PBXGroup;
			children = (
				8FF97A3024BF5BC900D43786 /* EnviroSearch.app */,
				8FF97A4624BF5BCA00D43786 /* EnviOSearchTests.xctest */,
				8FF97A5124BF5BCA00D43786 /* EnviOSearchUITests.xctest */,
			);
			name = Products;
			sourceTree = "<group>";
		};
		8FF97A3224BF5BC900D43786 /* EnviOSearch */ = {
			isa = PBXGroup;
			children = (
				8FF97A3324BF5BC900D43786 /* AppDelegate.swift */,
				8FF97A3524BF5BC900D43786 /* SceneDelegate.swift */,
				8FF97A3724BF5BC900D43786 /* ViewController.swift */,
				8FF97A6324C0A34200D43786 /* MoreInfoViewController.swift */,
				8FF97A6524C0FAE400D43786 /* MapViewController.swift */,
				8FF97A6924D3110700D43786 /* FacViewController.swift */,
				8FF97A6724CF627100D43786 /* JSONResult.swift */,
				8FF97A3924BF5BC900D43786 /* Main.storyboard */,
				8FF97A3C24BF5BCA00D43786 /* Assets.xcassets */,
				8FF97A3E24BF5BCA00D43786 /* LaunchScreen.storyboard */,
				8FF97A4124BF5BCA00D43786 /* Info.plist */,
				8FF97A6D24ED715500D43786 /* CAA.mp3 */,
				8FF97A6F24ED716700D43786 /* CWA.mp3 */,
				8FF97A7324ED718E00D43786 /* RCRA.mp3 */,
				8FF97A7524ED71A400D43786 /* SDWA.mp3 */,
				8FF97A7124ED718400D43786 /* Intro.mp3 */,
			);
			path = EnviOSearch;
			sourceTree = "<group>";
		};
		8FF97A4924BF5BCA00D43786 /* EnviOSearchTests */ = {
			isa = PBXGroup;
			children = (
				8FF97A4A24BF5BCA00D43786 /* EnviOSearchTests.swift */,
				8FF97A4C24BF5BCA00D43786 /* Info.plist */,
			);
			path = EnviOSearchTests;
			sourceTree = "<group>";
		};
		8FF97A5424BF5BCA00D43786 /* EnviOSearchUITests */ = {
			isa = PBXGroup;
			children = (
				8FF97A5524BF5BCA00D43786 /* EnviOSearchUITests.swift */,
				8FF97A5724BF5BCA00D43786 /* Info.plist */,
			);
			path = EnviOSearchUITests;
			sourceTree = "<group>";
		};
/* End PBXGroup section */

/* Begin PBXNativeTarget section */
		8FF97A2F24BF5BC900D43786 /* EnviOSearch */ = {
			isa = PBXNativeTarget;
			buildConfigurationList = 8FF97A5A24BF5BCA00D43786 /* Build configuration list for PBXNativeTarget "EnviOSearch" */;
			buildPhases = (
				E88662DD1EFAE6605D8C4699 /* [CP] Check Pods Manifest.lock */,
				8FF97A2C24BF5BC900D43786 /* Sources */,
				8FF97A2D24BF5BC900D43786 /* Frameworks */,
				8FF97A2E24BF5BC900D43786 /* Resources */,
				5E16C256754526CE4AB11AF0 /* [CP] Embed Pods Frameworks */,
			);
			buildRules = (
			);
			dependencies = (
			);
			name = EnviOSearch;
			productName = EnviOSearch;
			productReference = 8FF97A3024BF5BC900D43786 /* EnviroSearch.app */;
			productType = "com.apple.product-type.application";
		};
		8FF97A4524BF5BCA00D43786 /* EnviOSearchTests */ = {
			isa = PBXNativeTarget;
			buildConfigurationList = 8FF97A5D24BF5BCA00D43786 /* Build configuration list for PBXNativeTarget "EnviOSearchTests" */;
			buildPhases = (
				9513097570F3167A6E7DD4E6 /* [CP] Check Pods Manifest.lock */,
				8FF97A4224BF5BCA00D43786 /* Sources */,
				8FF97A4324BF5BCA00D43786 /* Frameworks */,
				8FF97A4424BF5BCA00D43786 /* Resources */,
			);
			buildRules = (
			);
			dependencies = (
				8FF97A4824BF5BCA00D43786 /* PBXTargetDependency */,
			);
			name = EnviOSearchTests;
			productName = EnviOSearchTests;
			productReference = 8FF97A4624BF5BCA00D43786 /* EnviOSearchTests.xctest */;
			productType = "com.apple.product-type.bundle.unit-test";
		};
		8FF97A5024BF5BCA00D43786 /* EnviOSearchUITests */ = {
			isa = PBXNativeTarget;
			buildConfigurationList = 8FF97A6024BF5BCA00D43786 /* Build configuration list for PBXNativeTarget "EnviOSearchUITests" */;
			buildPhases = (
				1281306AEBFA3669B8D4FDEB /* [CP] Check Pods Manifest.lock */,
				8FF97A4D24BF5BCA00D43786 /* Sources */,
				8FF97A4E24BF5BCA00D43786 /* Frameworks */,
				8FF97A4F24BF5BCA00D43786 /* Resources */,
				08BB0368E2124CCA174D6A6D /* [CP] Embed Pods Frameworks */,
			);
			buildRules = (
			);
			dependencies = (
				8FF97A5324BF5BCA00D43786 /* PBXTargetDependency */,
			);
			name = EnviOSearchUITests;
			productName = EnviOSearchUITests;
			productReference = 8FF97A5124BF5BCA00D43786 /* EnviOSearchUITests.xctest */;
			productType = "com.apple.product-type.bundle.ui-testing";
		};
/* End PBXNativeTarget section */

/* Begin PBXProject section */
		8FF97A2824BF5BC800D43786 /* Project object */ = {
			isa = PBXProject;
			attributes = {
				LastSwiftUpdateCheck = 1150;
				LastUpgradeCheck = 1150;
				ORGANIZATIONNAME = HGS;
				TargetAttributes = {
					8FF97A2F24BF5BC900D43786 = {
						CreatedOnToolsVersion = 11.5;
					};
					8FF97A4524BF5BCA00D43786 = {
						CreatedOnToolsVersion = 11.5;
						TestTargetID = 8FF97A2F24BF5BC900D43786;
					};
					8FF97A5024BF5BCA00D43786 = {
						CreatedOnToolsVersion = 11.5;
						TestTargetID = 8FF97A2F24BF5BC900D43786;
					};
				};
			};
			buildConfigurationList = 8FF97A2B24BF5BC800D43786 /* Build configuration list for PBXProject "EnviOSearch" */;
			compatibilityVersion = "Xcode 9.3";
			developmentRegion = en;
			hasScannedForEncodings = 0;
			knownRegions = (
				en,
				Base,
			);
			mainGroup = 8FF97A2724BF5BC800D43786;
			productRefGroup = 8FF97A3124BF5BC900D43786 /* Products */;
			projectDirPath = "";
			projectRoot = "";
			targets = (
				8FF97A2F24BF5BC900D43786 /* EnviOSearch */,
				8FF97A4524BF5BCA00D43786 /* EnviOSearchTests */,
				8FF97A5024BF5BCA00D43786 /* EnviOSearchUITests */,
			);
		};
/* End PBXProject section */

/* Begin PBXResourcesBuildPhase section */
		8FF97A2E24BF5BC900D43786 /* Resources */ = {
			isa = PBXResourcesBuildPhase;
			buildActionMask = 2147483647;
			files = (
				8FF97A4024BF5BCA00D43786 /* LaunchScreen.storyboard in Resources */,
				8FF97A3D24BF5BCA00D43786 /* Assets.xcassets in Resources */,
				8FF97A7424ED718E00D43786 /* RCRA.mp3 in Resources */,
				8FF97A6E24ED715600D43786 /* CAA.mp3 in Resources */,
				8FF97A7224ED718400D43786 /* Intro.mp3 in Resources */,
				8FF97A7624ED71A400D43786 /* SDWA.mp3 in Resources */,
				8FF97A3B24BF5BC900D43786 /* Main.storyboard in Resources */,
				8FF97A7024ED716800D43786 /* CWA.mp3 in Resources */,
			);
			runOnlyForDeploymentPostprocessing = 0;
		};
		8FF97A4424BF5BCA00D43786 /* Resources */ = {
			isa = PBXResourcesBuildPhase;
			buildActionMask = 2147483647;
			files = (
			);
			runOnlyForDeploymentPostprocessing = 0;
		};
		8FF97A4F24BF5BCA00D43786 /* Resources */ = {
			isa = PBXResourcesBuildPhase;
			buildActionMask = 2147483647;
			files = (
			);
			runOnlyForDeploymentPostprocessing = 0;
		};
/* End PBXResourcesBuildPhase section */

/* Begin PBXShellScriptBuildPhase section */
		08BB0368E2124CCA174D6A6D /* [CP] Embed Pods Frameworks */ = {
			isa = PBXShellScriptBuildPhase;
			buildActionMask = 2147483647;
			files = (
			);
			inputFileListPaths = (
				"${PODS_ROOT}/Target Support Files/Pods-EnviOSearch-EnviOSearchUITests/Pods-EnviOSearch-EnviOSearchUITests-frameworks-${CONFIGURATION}-input-files.xcfilelist",
			);
			name = "[CP] Embed Pods Frameworks";
			outputFileListPaths = (
				"${PODS_ROOT}/Target Support Files/Pods-EnviOSearch-EnviOSearchUITests/Pods-EnviOSearch-EnviOSearchUITests-frameworks-${CONFIGURATION}-output-files.xcfilelist",
			);
			runOnlyForDeploymentPostprocessing = 0;
			shellPath = /bin/sh;
			shellScript = "\"${PODS_ROOT}/Target Support Files/Pods-EnviOSearch-EnviOSearchUITests/Pods-EnviOSearch-EnviOSearchUITests-frameworks.sh\"\n";
			showEnvVarsInLog = 0;
		};
		1281306AEBFA3669B8D4FDEB /* [CP] Check Pods Manifest.lock */ = {
			isa = PBXShellScriptBuildPhase;
			buildActionMask = 2147483647;
			files = (
			);
			inputFileListPaths = (
			);
			inputPaths = (
				"${PODS_PODFILE_DIR_PATH}/Podfile.lock",
				"${PODS_ROOT}/Manifest.lock",
			);
			name = "[CP] Check Pods Manifest.lock";
			outputFileListPaths = (
			);
			outputPaths = (
				"$(DERIVED_FILE_DIR)/Pods-EnviOSearch-EnviOSearchUITests-checkManifestLockResult.txt",
			);
			runOnlyForDeploymentPostprocessing = 0;
			shellPath = /bin/sh;
			shellScript = "diff \"${PODS_PODFILE_DIR_PATH}/Podfile.lock\" \"${PODS_ROOT}/Manifest.lock\" > /dev/null\nif [ $? != 0 ] ; then\n    # print error to STDERR\n    echo \"error: The sandbox is not in sync with the Podfile.lock. Run 'pod install' or update your CocoaPods installation.\" >&2\n    exit 1\nfi\n# This output is used by Xcode 'outputs' to avoid re-running this script phase.\necho \"SUCCESS\" > \"${SCRIPT_OUTPUT_FILE_0}\"\n";
			showEnvVarsInLog = 0;
		};
		5E16C256754526CE4AB11AF0 /* [CP] Embed Pods Frameworks */ = {
			isa = PBXShellScriptBuildPhase;
			buildActionMask = 2147483647;
			files = (
			);
			inputFileListPaths = (
				"${PODS_ROOT}/Target Support Files/Pods-EnviOSearch/Pods-EnviOSearch-frameworks-${CONFIGURATION}-input-files.xcfilelist",
			);
			name = "[CP] Embed Pods Frameworks";
			outputFileListPaths = (
				"${PODS_ROOT}/Target Support Files/Pods-EnviOSearch/Pods-EnviOSearch-frameworks-${CONFIGURATION}-output-files.xcfilelist",
			);
			runOnlyForDeploymentPostprocessing = 0;
			shellPath = /bin/sh;
			shellScript = "\"${PODS_ROOT}/Target Support Files/Pods-EnviOSearch/Pods-EnviOSearch-frameworks.sh\"\n";
			showEnvVarsInLog = 0;
		};
		9513097570F3167A6E7DD4E6 /* [CP] Check Pods Manifest.lock */ = {
			isa = PBXShellScriptBuildPhase;
			buildActionMask = 2147483647;
			files = (
			);
			inputFileListPaths = (
			);
			inputPaths = (
				"${PODS_PODFILE_DIR_PATH}/Podfile.lock",
				"${PODS_ROOT}/Manifest.lock",
			);
			name = "[CP] Check Pods Manifest.lock";
			outputFileListPaths = (
			);
			outputPaths = (
				"$(DERIVED_FILE_DIR)/Pods-EnviOSearchTests-checkManifestLockResult.txt",
			);
			runOnlyForDeploymentPostprocessing = 0;
			shellPath = /bin/sh;
			shellScript = "diff \"${PODS_PODFILE_DIR_PATH}/Podfile.lock\" \"${PODS_ROOT}/Manifest.lock\" > /dev/null\nif [ $? != 0 ] ; then\n    # print error to STDERR\n    echo \"error: The sandbox is not in sync with the Podfile.lock. Run 'pod install' or update your CocoaPods installation.\" >&2\n    exit 1\nfi\n# This output is used by Xcode 'outputs' to avoid re-running this script phase.\necho \"SUCCESS\" > \"${SCRIPT_OUTPUT_FILE_0}\"\n";
			showEnvVarsInLog = 0;
		};
		E88662DD1EFAE6605D8C4699 /* [CP] Check Pods Manifest.lock */ = {
			isa = PBXShellScriptBuildPhase;
			buildActionMask = 2147483647;
			files = (
			);
			inputFileListPaths = (
			);
			inputPaths = (
				"${PODS_PODFILE_DIR_PATH}/Podfile.lock",
				"${PODS_ROOT}/Manifest.lock",
			);
			name = "[CP] Check Pods Manifest.lock";
			outputFileListPaths = (
			);
			outputPaths = (
				"$(DERIVED_FILE_DIR)/Pods-EnviOSearch-checkManifestLockResult.txt",
			);
			runOnlyForDeploymentPostprocessing = 0;
			shellPath = /bin/sh;
			shellScript = "diff \"${PODS_PODFILE_DIR_PATH}/Podfile.lock\" \"${PODS_ROOT}/Manifest.lock\" > /dev/null\nif [ $? != 0 ] ; then\n    # print error to STDERR\n    echo \"error: The sandbox is not in sync with the Podfile.lock. Run 'pod install' or update your CocoaPods installation.\" >&2\n    exit 1\nfi\n# This output is used by Xcode 'outputs' to avoid re-running this script phase.\necho \"SUCCESS\" > \"${SCRIPT_OUTPUT_FILE_0}\"\n";
			showEnvVarsInLog = 0;
		};
/* End PBXShellScriptBuildPhase section */

/* Begin PBXSourcesBuildPhase section */
		8FF97A2C24BF5BC900D43786 /* Sources */ = {
			isa = PBXSourcesBuildPhase;
			buildActionMask = 2147483647;
			files = (
				8FF97A6824CF627100D43786 /* JSONResult.swift in Sources */,
				8FF97A3824BF5BC900D43786 /* ViewController.swift in Sources */,
				8FF97A6424C0A34200D43786 /* MoreInfoViewController.swift in Sources */,
				8FF97A6A24D3110700D43786 /* FacViewController.swift in Sources */,
				8FF97A3424BF5BC900D43786 /* AppDelegate.swift in Sources */,
				8FF97A6624C0FAE400D43786 /* MapViewController.swift in Sources */,
				8FF97A3624BF5BC900D43786 /* SceneDelegate.swift in Sources */,
			);
			runOnlyForDeploymentPostprocessing = 0;
		};
		8FF97A4224BF5BCA00D43786 /* Sources */ = {
			isa = PBXSourcesBuildPhase;
			buildActionMask = 2147483647;
			files = (
				8FF97A4B24BF5BCA00D43786 /* EnviOSearchTests.swift in Sources */,
			);
			runOnlyForDeploymentPostprocessing = 0;
		};
		8FF97A4D24BF5BCA00D43786 /* Sources */ = {
			isa = PBXSourcesBuildPhase;
			buildActionMask = 2147483647;
			files = (
				8FF97A5624BF5BCA00D43786 /* EnviOSearchUITests.swift in Sources */,
			);
			runOnlyForDeploymentPostprocessing = 0;
		};
/* End PBXSourcesBuildPhase section */

/* Begin PBXTargetDependency section */
		8FF97A4824BF5BCA00D43786 /* PBXTargetDependency */ = {
			isa = PBXTargetDependency;
			target = 8FF97A2F24BF5BC900D43786 /* EnviOSearch */;
			targetProxy = 8FF97A4724BF5BCA00D43786 /* PBXContainerItemProxy */;
		};
		8FF97A5324BF5BCA00D43786 /* PBXTargetDependency */ = {
			isa = PBXTargetDependency;
			target = 8FF97A2F24BF5BC900D43786 /* EnviOSearch */;
			targetProxy = 8FF97A5224BF5BCA00D43786 /* PBXContainerItemProxy */;
		};
/* End PBXTargetDependency section */

/* Begin PBXVariantGroup section */
		8FF97A3924BF5BC900D43786 /* Main.storyboard */ = {
			isa = PBXVariantGroup;
			children = (
				8FF97A3A24BF5BC900D43786 /* Base */,
			);
			name = Main.storyboard;
			sourceTree = "<group>";
		};
		8FF97A3E24BF5BCA00D43786 /* LaunchScreen.storyboard */ = {
			isa = PBXVariantGroup;
			children = (
				8FF97A3F24BF5BCA00D43786 /* Base */,
			);
			name = LaunchScreen.storyboard;
			sourceTree = "<group>";
		};
/* End PBXVariantGroup section */

/* Begin XCBuildConfiguration section */
		8FF97A5824BF5BCA00D43786 /* Debug */ = {
			isa = XCBuildConfiguration;
			buildSettings = {
				ALWAYS_SEARCH_USER_PATHS = NO;
				CLANG_ANALYZER_NONNULL = YES;
				CLANG_ANALYZER_NUMBER_OBJECT_CONVERSION = YES_AGGRESSIVE;
				CLANG_CXX_LANGUAGE_STANDARD = "gnu++14";
				CLANG_CXX_LIBRARY = "libc++";
				CLANG_ENABLE_MODULES = YES;
				CLANG_ENABLE_OBJC_ARC = YES;
				CLANG_ENABLE_OBJC_WEAK = YES;
				CLANG_WARN_BLOCK_CAPTURE_AUTORELEASING = YES;
				CLANG_WARN_BOOL_CONVERSION = YES;
				CLANG_WARN_COMMA = YES;
				CLANG_WARN_CONSTANT_CONVERSION = YES;
				CLANG_WARN_DEPRECATED_OBJC_IMPLEMENTATIONS = YES;
				CLANG_WARN_DIRECT_OBJC_ISA_USAGE = YES_ERROR;
				CLANG_WARN_DOCUMENTATION_COMMENTS = YES;
				CLANG_WARN_EMPTY_BODY = YES;
				CLANG_WARN_ENUM_CONVERSION = YES;
				CLANG_WARN_INFINITE_RECURSION = YES;
				CLANG_WARN_INT_CONVERSION = YES;
				CLANG_WARN_NON_LITERAL_NULL_CONVERSION = YES;
				CLANG_WARN_OBJC_IMPLICIT_RETAIN_SELF = YES;
				CLANG_WARN_OBJC_LITERAL_CONVERSION = YES;
				CLANG_WARN_OBJC_ROOT_CLASS = YES_ERROR;
				CLANG_WARN_RANGE_LOOP_ANALYSIS = YES;
				CLANG_WARN_STRICT_PROTOTYPES = YES;
				CLANG_WARN_SUSPICIOUS_MOVE = YES;
				CLANG_WARN_UNGUARDED_AVAILABILITY = YES_AGGRESSIVE;
				CLANG_WARN_UNREACHABLE_CODE = YES;
				CLANG_WARN__DUPLICATE_METHOD_MATCH = YES;
				COPY_PHASE_STRIP = NO;
				DEBUG_INFORMATION_FORMAT = dwarf;
				ENABLE_STRICT_OBJC_MSGSEND = YES;
				ENABLE_TESTABILITY = YES;
				GCC_C_LANGUAGE_STANDARD = gnu11;
				GCC_DYNAMIC_NO_PIC = NO;
				GCC_NO_COMMON_BLOCKS = YES;
				GCC_OPTIMIZATION_LEVEL = 0;
				GCC_PREPROCESSOR_DEFINITIONS = (
					"DEBUG=1",
					"$(inherited)",
				);
				GCC_WARN_64_TO_32_BIT_CONVERSION = YES;
				GCC_WARN_ABOUT_RETURN_TYPE = YES_ERROR;
				GCC_WARN_UNDECLARED_SELECTOR = YES;
				GCC_WARN_UNINITIALIZED_AUTOS = YES_AGGRESSIVE;
				GCC_WARN_UNUSED_FUNCTION = YES;
				GCC_WARN_UNUSED_VARIABLE = YES;
				IPHONEOS_DEPLOYMENT_TARGET = 13.5;
				MTL_ENABLE_DEBUG_INFO = INCLUDE_SOURCE;
				MTL_FAST_MATH = YES;
				ONLY_ACTIVE_ARCH = YES;
				SDKROOT = iphoneos;
				SWIFT_ACTIVE_COMPILATION_CONDITIONS = DEBUG;
				SWIFT_OPTIMIZATION_LEVEL = "-Onone";
			};
			name = Debug;
		};
		8FF97A5924BF5BCA00D43786 /* Release */ = {
			isa = XCBuildConfiguration;
			buildSettings = {
				ALWAYS_SEARCH_USER_PATHS = NO;
				CLANG_ANALYZER_NONNULL = YES;
				CLANG_ANALYZER_NUMBER_OBJECT_CONVERSION = YES_AGGRESSIVE;
				CLANG_CXX_LANGUAGE_STANDARD = "gnu++14";
				CLANG_CXX_LIBRARY = "libc++";
				CLANG_ENABLE_MODULES = YES;
				CLANG_ENABLE_OBJC_ARC = YES;
				CLANG_ENABLE_OBJC_WEAK = YES;
				CLANG_WARN_BLOCK_CAPTURE_AUTORELEASING = YES;
				CLANG_WARN_BOOL_CONVERSION = YES;
				CLANG_WARN_COMMA = YES;
				CLANG_WARN_CONSTANT_CONVERSION = YES;
				CLANG_WARN_DEPRECATED_OBJC_IMPLEMENTATIONS = YES;
				CLANG_WARN_DIRECT_OBJC_ISA_USAGE = YES_ERROR;
				CLANG_WARN_DOCUMENTATION_COMMENTS = YES;
				CLANG_WARN_EMPTY_BODY = YES;
				CLANG_WARN_ENUM_CONVERSION = YES;
				CLANG_WARN_INFINITE_RECURSION = YES;
				CLANG_WARN_INT_CONVERSION = YES;
				CLANG_WARN_NON_LITERAL_NULL_CONVERSION = YES;
				CLANG_WARN_OBJC_IMPLICIT_RETAIN_SELF = YES;
				CLANG_WARN_OBJC_LITERAL_CONVERSION = YES;
				CLANG_WARN_OBJC_ROOT_CLASS = YES_ERROR;
				CLANG_WARN_RANGE_LOOP_ANALYSIS = YES;
				CLANG_WARN_STRICT_PROTOTYPES = YES;
				CLANG_WARN_SUSPICIOUS_MOVE = YES;
				CLANG_WARN_UNGUARDED_AVAILABILITY = YES_AGGRESSIVE;
				CLANG_WARN_UNREACHABLE_CODE = YES;
				CLANG_WARN__DUPLICATE_METHOD_MATCH = YES;
				COPY_PHASE_STRIP = NO;
				DEBUG_INFORMATION_FORMAT = "dwarf-with-dsym";
				ENABLE_NS_ASSERTIONS = NO;
				ENABLE_STRICT_OBJC_MSGSEND = YES;
				GCC_C_LANGUAGE_STANDARD = gnu11;
				GCC_NO_COMMON_BLOCKS = YES;
				GCC_WARN_64_TO_32_BIT_CONVERSION = YES;
				GCC_WARN_ABOUT_RETURN_TYPE = YES_ERROR;
				GCC_WARN_UNDECLARED_SELECTOR = YES;
				GCC_WARN_UNINITIALIZED_AUTOS = YES_AGGRESSIVE;
				GCC_WARN_UNUSED_FUNCTION = YES;
				GCC_WARN_UNUSED_VARIABLE = YES;
				IPHONEOS_DEPLOYMENT_TARGET = 13.5;
				MTL_ENABLE_DEBUG_INFO = NO;
				MTL_FAST_MATH = YES;
				SDKROOT = iphoneos;
				SWIFT_COMPILATION_MODE = wholemodule;
				SWIFT_OPTIMIZATION_LEVEL = "-O";
				VALIDATE_PRODUCT = YES;
			};
			name = Release;
		};
		8FF97A5B24BF5BCA00D43786 /* Debug */ = {
			isa = XCBuildConfiguration;
			baseConfigurationReference = 566DD89C9214828520F179BA /* Pods-EnviOSearch.debug.xcconfig */;
			buildSettings = {
				ASSETCATALOG_COMPILER_APPICON_NAME = AppIcon;
				CODE_SIGN_IDENTITY = "Apple Distribution: HGS Engineering, Inc. (Y77Z9W2Q27)";
				CODE_SIGN_STYLE = Manual;
				DEVELOPMENT_TEAM = Y77Z9W2Q27;
				INFOPLIST_FILE = EnviOSearch/Info.plist;
				LD_RUNPATH_SEARCH_PATHS = (
					"$(inherited)",
					"@executable_path/Frameworks",
				);
				MARKETING_VERSION = 7.0;
				PRODUCT_BUNDLE_IDENTIFIER = hgs.EnviOSearch;
				PRODUCT_NAME = EnviroSearch;
				PROVISIONING_PROFILE_SPECIFIER = "EnviroSearch App Store";
				SWIFT_VERSION = 5.0;
				TARGETED_DEVICE_FAMILY = "1,2";
			};
			name = Debug;
		};
		8FF97A5C24BF5BCA00D43786 /* Release */ = {
			isa = XCBuildConfiguration;
			baseConfigurationReference = 57F59F7D9E131960259A7311 /* Pods-EnviOSearch.release.xcconfig */;
			buildSettings = {
				ASSETCATALOG_COMPILER_APPICON_NAME = AppIcon;
				CODE_SIGN_IDENTITY = "Apple Development";
				CODE_SIGN_STYLE = Automatic;
				DEVELOPMENT_TEAM = Y77Z9W2Q27;
				INFOPLIST_FILE = EnviOSearch/Info.plist;
				LD_RUNPATH_SEARCH_PATHS = (
					"$(inherited)",
					"@executable_path/Frameworks",
				);
				MARKETING_VERSION = 7.0;
				PRODUCT_BUNDLE_IDENTIFIER = hgs.EnviOSearch;
				PRODUCT_NAME = EnviroSearch;
				PROVISIONING_PROFILE_SPECIFIER = "";
				SWIFT_VERSION = 5.0;
				TARGETED_DEVICE_FAMILY = "1,2";
			};
			name = Release;
		};
		8FF97A5E24BF5BCA00D43786 /* Debug */ = {
			isa = XCBuildConfiguration;
			baseConfigurationReference = BE3BA356543416FA1A74D0B2 /* Pods-EnviOSearchTests.debug.xcconfig */;
			buildSettings = {
				ALWAYS_EMBED_SWIFT_STANDARD_LIBRARIES = YES;
				BUNDLE_LOADER = "$(TEST_HOST)";
				CODE_SIGN_STYLE = Automatic;
				INFOPLIST_FILE = EnviOSearchTests/Info.plist;
				IPHONEOS_DEPLOYMENT_TARGET = 13.5;
				LD_RUNPATH_SEARCH_PATHS = (
					"$(inherited)",
					"@executable_path/Frameworks",
					"@loader_path/Frameworks",
				);
				PRODUCT_BUNDLE_IDENTIFIER = hgs.EnviOSearchTests;
				PRODUCT_NAME = "$(TARGET_NAME)";
				SWIFT_VERSION = 5.0;
				TARGETED_DEVICE_FAMILY = "1,2";
				TEST_HOST = "$(BUILT_PRODUCTS_DIR)/EnviOSearch.app/EnviOSearch";
			};
			name = Debug;
		};
		8FF97A5F24BF5BCA00D43786 /* Release */ = {
			isa = XCBuildConfiguration;
			baseConfigurationReference = E6FA99563ED1B04B9B5D6A92 /* Pods-EnviOSearchTests.release.xcconfig */;
			buildSettings = {
				ALWAYS_EMBED_SWIFT_STANDARD_LIBRARIES = YES;
				BUNDLE_LOADER = "$(TEST_HOST)";
				CODE_SIGN_STYLE = Automatic;
				INFOPLIST_FILE = EnviOSearchTests/Info.plist;
				IPHONEOS_DEPLOYMENT_TARGET = 13.5;
				LD_RUNPATH_SEARCH_PATHS = (
					"$(inherited)",
					"@executable_path/Frameworks",
					"@loader_path/Frameworks",
				);
				PRODUCT_BUNDLE_IDENTIFIER = hgs.EnviOSearchTests;
				PRODUCT_NAME = "$(TARGET_NAME)";
				SWIFT_VERSION = 5.0;
				TARGETED_DEVICE_FAMILY = "1,2";
				TEST_HOST = "$(BUILT_PRODUCTS_DIR)/EnviOSearch.app/EnviOSearch";
			};
			name = Release;
		};
		8FF97A6124BF5BCA00D43786 /* Debug */ = {
			isa = XCBuildConfiguration;
			baseConfigurationReference = 24442F1CD451FB5E81676F00 /* Pods-EnviOSearch-EnviOSearchUITests.debug.xcconfig */;
			buildSettings = {
				ALWAYS_EMBED_SWIFT_STANDARD_LIBRARIES = YES;
				CODE_SIGN_STYLE = Automatic;
				INFOPLIST_FILE = EnviOSearchUITests/Info.plist;
				LD_RUNPATH_SEARCH_PATHS = (
					"$(inherited)",
					"@executable_path/Frameworks",
					"@loader_path/Frameworks",
				);
				PRODUCT_BUNDLE_IDENTIFIER = hgs.EnviOSearchUITests;
				PRODUCT_NAME = "$(TARGET_NAME)";
				SWIFT_VERSION = 5.0;
				TARGETED_DEVICE_FAMILY = "1,2";
				TEST_TARGET_NAME = EnviOSearch;
			};
			name = Debug;
		};
		8FF97A6224BF5BCA00D43786 /* Release */ = {
			isa = XCBuildConfiguration;
			baseConfigurationReference = DFA3B320EB22060338D1ADAA /* Pods-EnviOSearch-EnviOSearchUITests.release.xcconfig */;
			buildSettings = {
				ALWAYS_EMBED_SWIFT_STANDARD_LIBRARIES = YES;
				CODE_SIGN_STYLE = Automatic;
				INFOPLIST_FILE = EnviOSearchUITests/Info.plist;
				LD_RUNPATH_SEARCH_PATHS = (
					"$(inherited)",
					"@executable_path/Frameworks",
					"@loader_path/Frameworks",
				);
				PRODUCT_BUNDLE_IDENTIFIER = hgs.EnviOSearchUITests;
				PRODUCT_NAME = "$(TARGET_NAME)";
				SWIFT_VERSION = 5.0;
				TARGETED_DEVICE_FAMILY = "1,2";
				TEST_TARGET_NAME = EnviOSearch;
			};
			name = Release;
		};
/* End XCBuildConfiguration section */

/* Begin XCConfigurationList section */
		8FF97A2B24BF5BC800D43786 /* Build configuration list for PBXProject "EnviOSearch" */ = {
			isa = XCConfigurationList;
			buildConfigurations = (
				8FF97A5824BF5BCA00D43786 /* Debug */,
				8FF97A5924BF5BCA00D43786 /* Release */,
			);
			defaultConfigurationIsVisible = 0;
			defaultConfigurationName = Release;
		};
		8FF97A5A24BF5BCA00D43786 /* Build configuration list for PBXNativeTarget "EnviOSearch" */ = {
			isa = XCConfigurationList;
			buildConfigurations = (
				8FF97A5B24BF5BCA00D43786 /* Debug */,
				8FF97A5C24BF5BCA00D43786 /* Release */,
			);
			defaultConfigurationIsVisible = 0;
			defaultConfigurationName = Release;
		};
		8FF97A5D24BF5BCA00D43786 /* Build configuration list for PBXNativeTarget "EnviOSearchTests" */ = {
			isa = XCConfigurationList;
			buildConfigurations = (
				8FF97A5E24BF5BCA00D43786 /* Debug */,
				8FF97A5F24BF5BCA00D43786 /* Release */,
			);
			defaultConfigurationIsVisible = 0;
			defaultConfigurationName = Release;
		};
		8FF97A6024BF5BCA00D43786 /* Build configuration list for PBXNativeTarget "EnviOSearchUITests" */ = {
			isa = XCConfigurationList;
			buildConfigurations = (
				8FF97A6124BF5BCA00D43786 /* Debug */,
				8FF97A6224BF5BCA00D43786 /* Release */,
			);
			defaultConfigurationIsVisible = 0;
			defaultConfigurationName = Release;
		};
/* End XCConfigurationList section */
	};
	rootObject = 8FF97A2824BF5BC800D43786 /* Project object */;
}
